// !$*UTF8*$!
{
	archiveVersion = 1;
	classes = {
	};
	objectVersion = 50;
	objects = {

/* Begin PBXBuildFile section */
		42003F0A23DBB4F2005CD8AA /* AppDelegate.swift in Sources */ = {isa = PBXBuildFile; fileRef = 42003F0923DBB4F2005CD8AA /* AppDelegate.swift */; };
		42003F0C23DBB4F2005CD8AA /* SceneDelegate.swift in Sources */ = {isa = PBXBuildFile; fileRef = 42003F0B23DBB4F2005CD8AA /* SceneDelegate.swift */; };
		42003F0E23DBB4F2005CD8AA /* ViewController.swift in Sources */ = {isa = PBXBuildFile; fileRef = 42003F0D23DBB4F2005CD8AA /* ViewController.swift */; };
		42003F1123DBB4F2005CD8AA /* Main.storyboard in Resources */ = {isa = PBXBuildFile; fileRef = 42003F0F23DBB4F2005CD8AA /* Main.storyboard */; };
		42003F1423DBB4F2005CD8AA /* _59831_finalassignment.xcdatamodeld in Sources */ = {isa = PBXBuildFile; fileRef = 42003F1223DBB4F2005CD8AA /* _59831_finalassignment.xcdatamodeld */; };
		42003F1623DBB4F3005CD8AA /* Assets.xcassets in Resources */ = {isa = PBXBuildFile; fileRef = 42003F1523DBB4F3005CD8AA /* Assets.xcassets */; };
		42003F1923DBB4F3005CD8AA /* LaunchScreen.storyboard in Resources */ = {isa = PBXBuildFile; fileRef = 42003F1723DBB4F3005CD8AA /* LaunchScreen.storyboard */; };
		42003F2523DBB63A005CD8AA /* ProductsModel.swift in Sources */ = {isa = PBXBuildFile; fileRef = 42003F2423DBB63A005CD8AA /* ProductsModel.swift */; };
		42003F2823DBB6B6005CD8AA /* ProductTableViewController.swift in Sources */ = {isa = PBXBuildFile; fileRef = 42003F2723DBB6B6005CD8AA /* ProductTableViewController.swift */; };
		42003F2D23DBE7E8005CD8AA /* DetailViewController.swift in Sources */ = {isa = PBXBuildFile; fileRef = 42003F2C23DBE7E8005CD8AA /* DetailViewController.swift */; };
/* End PBXBuildFile section */

/* Begin PBXFileReference section */
		42003F0623DBB4F2005CD8AA /* 759831_finalassignment.app */ = {isa = PBXFileReference; explicitFileType = wrapper.application; includeInIndex = 0; path = 759831_finalassignment.app; sourceTree = BUILT_PRODUCTS_DIR; };
		42003F0923DBB4F2005CD8AA /* AppDelegate.swift */ = {isa = PBXFileReference; lastKnownFileType = sourcecode.swift; path = AppDelegate.swift; sourceTree = "<group>"; };
		42003F0B23DBB4F2005CD8AA /* SceneDelegate.swift */ = {isa = PBXFileReference; lastKnownFileType = sourcecode.swift; path = SceneDelegate.swift; sourceTree = "<group>"; };
		42003F0D23DBB4F2005CD8AA /* ViewController.swift */ = {isa = PBXFileReference; lastKnownFileType = sourcecode.swift; path = ViewController.swift; sourceTree = "<group>"; };
		42003F1023DBB4F2005CD8AA /* Base */ = {isa = PBXFileReference; lastKnownFileType = file.storyboard; name = Base; path = Base.lproj/Main.storyboard; sourceTree = "<group>"; };
		42003F1323DBB4F2005CD8AA /* _59831_finalassignment.xcdatamodel */ = {isa = PBXFileReference; lastKnownFileType = wrapper.xcdatamodel; path = _59831_finalassignment.xcdatamodel; sourceTree = "<group>"; };
		42003F1523DBB4F3005CD8AA /* Assets.xcassets */ = {isa = PBXFileReference; lastKnownFileType = folder.assetcatalog; path = Assets.xcassets; sourceTree = "<group>"; };
		42003F1823DBB4F3005CD8AA /* Base */ = {isa = PBXFileReference; lastKnownFileType = file.storyboard; name = Base; path = Base.lproj/LaunchScreen.storyboard; sourceTree = "<group>"; };
		42003F1A23DBB4F3005CD8AA /* Info.plist */ = {isa = PBXFileReference; lastKnownFileType = text.plist.xml; path = Info.plist; sourceTree = "<group>"; };
		42003F2423DBB63A005CD8AA /* ProductsModel.swift */ = {isa = PBXFileReference; lastKnownFileType = sourcecode.swift; path = ProductsModel.swift; sourceTree = "<group>"; };
		42003F2723DBB6B6005CD8AA /* ProductTableViewController.swift */ = {isa = PBXFileReference; lastKnownFileType = sourcecode.swift; path = ProductTableViewController.swift; sourceTree = "<group>"; };
		42003F2C23DBE7E8005CD8AA /* DetailViewController.swift */ = {isa = PBXFileReference; lastKnownFileType = sourcecode.swift; path = DetailViewController.swift; sourceTree = "<group>"; };
/* End PBXFileReference section */

/* Begin PBXFrameworksBuildPhase section */
		42003F0323DBB4F2005CD8AA /* Frameworks */ = {
			isa = PBXFrameworksBuildPhase;
			buildActionMask = 2147483647;
			files = (
			);
			runOnlyForDeploymentPostprocessing = 0;
		};
/* End PBXFrameworksBuildPhase section */

/* Begin PBXGroup section */
		42003EFD23DBB4F2005CD8AA = {
			isa = PBXGroup;
			children = (
				42003F0823DBB4F2005CD8AA /* 759831_finalassignment */,
				42003F0723DBB4F2005CD8AA /* Products */,
			);
			sourceTree = "<group>";
		};
		42003F0723DBB4F2005CD8AA /* Products */ = {
			isa = PBXGroup;
			children = (
				42003F0623DBB4F2005CD8AA /* 759831_finalassignment.app */,
			);
			name = Products;
			sourceTree = "<group>";
		};
		42003F0823DBB4F2005CD8AA /* 759831_finalassignment */ = {
			isa = PBXGroup;
			children = (
				42003F2923DBBA59005CD8AA /* View */,
				42003F2623DBB687005CD8AA /* Controller */,
				42003F2323DBB612005CD8AA /* Model */,
				42003F0923DBB4F2005CD8AA /* AppDelegate.swift */,
				42003F0B23DBB4F2005CD8AA /* SceneDelegate.swift */,
				42003F1523DBB4F3005CD8AA /* Assets.xcassets */,
				42003F1723DBB4F3005CD8AA /* LaunchScreen.storyboard */,
				42003F1A23DBB4F3005CD8AA /* Info.plist */,
				42003F1223DBB4F2005CD8AA /* _59831_finalassignment.xcdatamodeld */,
			);
			path = 759831_finalassignment;
			sourceTree = "<group>";
		};
		42003F2323DBB612005CD8AA /* Model */ = {
			isa = PBXGroup;
			children = (
				42003F2423DBB63A005CD8AA /* ProductsModel.swift */,
			);
			path = Model;
			sourceTree = "<group>";
		};
		42003F2623DBB687005CD8AA /* Controller */ = {
			isa = PBXGroup;
			children = (
				42003F2723DBB6B6005CD8AA /* ProductTableViewController.swift */,
				42003F0D23DBB4F2005CD8AA /* ViewController.swift */,
				42003F2C23DBE7E8005CD8AA /* DetailViewController.swift */,
			);
			path = Controller;
			sourceTree = "<group>";
		};
		42003F2923DBBA59005CD8AA /* View */ = {
			isa = PBXGroup;
			children = (
				42003F0F23DBB4F2005CD8AA /* Main.storyboard */,
			);
			path = View;
			sourceTree = "<group>";
		};
/* End PBXGroup section */

/* Begin PBXNativeTarget section */
		42003F0523DBB4F2005CD8AA /* 759831_finalassignment */ = {
			isa = PBXNativeTarget;
			buildConfigurationList = 42003F1D23DBB4F3005CD8AA /* Build configuration list for PBXNativeTarget "759831_finalassignment" */;
			buildPhases = (
				42003F0223DBB4F2005CD8AA /* Sources */,
				42003F0323DBB4F2005CD8AA /* Frameworks */,
				42003F0423DBB4F2005CD8AA /* Resources */,
			);
			buildRules = (
			);
			dependencies = (
			);
			name = 759831_finalassignment;
			productName = 759831_finalassignment;
			productReference = 42003F0623DBB4F2005CD8AA /* 759831_finalassignment.app */;
			productType = "com.apple.product-type.application";
		};
/* End PBXNativeTarget section */

/* Begin PBXProject section */
		42003EFE23DBB4F2005CD8AA /* Project object */ = {
			isa = PBXProject;
			attributes = {
				LastSwiftUpdateCheck = 1130;
				LastUpgradeCheck = 1130;
				ORGANIZATIONNAME = "Evneet kaur";
				TargetAttributes = {
					42003F0523DBB4F2005CD8AA = {
						CreatedOnToolsVersion = 11.3;
					};
				};
			};
			buildConfigurationList = 42003F0123DBB4F2005CD8AA /* Build configuration list for PBXProject "759831_finalassignment" */;
			compatibilityVersion = "Xcode 9.3";
			developmentRegion = en;
			hasScannedForEncodings = 0;
			knownRegions = (
				en,
				Base,
			);
			mainGroup = 42003EFD23DBB4F2005CD8AA;
			productRefGroup = 42003F0723DBB4F2005CD8AA /* Products */;
			projectDirPath = "";
			projectRoot = "";
			targets = (
				42003F0523DBB4F2005CD8AA /* 759831_finalassignment */,
			);
		};
/* End PBXProject section */

/* Begin PBXResourcesBuildPhase section */
		42003F0423DBB4F2005CD8AA /* Resources */ = {
			isa = PBXResourcesBuildPhase;
			buildActionMask = 2147483647;
			files = (
				42003F1923DBB4F3005CD8AA /* LaunchScreen.storyboard in Resources */,
				42003F1623DBB4F3005CD8AA /* Assets.xcassets in Resources */,
				42003F1123DBB4F2005CD8AA /* Main.storyboard in Resources */,
			);
			runOnlyForDeploymentPostprocessing = 0;
		};
/* End PBXResourcesBuildPhase section */

/* Begin PBXSourcesBuildPhase section */
		42003F0223DBB4F2005CD8AA /* Sources */ = {
			isa = PBXSourcesBuildPhase;
			buildActionMask = 2147483647;
			files = (
				42003F0E23DBB4F2005CD8AA /* ViewController.swift in Sources */,
				42003F2523DBB63A005CD8AA /* ProductsModel.swift in Sources */,
				42003F0A23DBB4F2005CD8AA /* AppDelegate.swift in Sources */,
				42003F1423DBB4F2005CD8AA /* _59831_finalassignment.xcdatamodeld in Sources */,
				42003F2823DBB6B6005CD8AA /* ProductTableViewController.swift in Sources */,
				42003F0C23DBB4F2005CD8AA /* SceneDelegate.swift in Sources */,
				42003F2D23DBE7E8005CD8AA /* DetailViewController.swift in Sources */,
			);
			runOnlyForDeploymentPostprocessing = 0;
		};
/* End PBXSourcesBuildPhase section */

/* Begin PBXVariantGroup section */
		42003F0F23DBB4F2005CD8AA /* Main.storyboard */ = {
			isa = PBXVariantGroup;
			children = (
				42003F1023DBB4F2005CD8AA /* Base */,
			);
			name = Main.storyboard;
			sourceTree = "<group>";
		};
		42003F1723DBB4F3005CD8AA /* LaunchScreen.storyboard */ = {
			isa = PBXVariantGroup;
			children = (
				42003F1823DBB4F3005CD8AA /* Base */,
			);
			name = LaunchScreen.storyboard;
			sourceTree = "<group>";
		};
/* End PBXVariantGroup section */

/* Begin XCBuildConfiguration section */
		42003F1B23DBB4F3005CD8AA /* Debug */ = {
			isa = XCBuildConfiguration;
			buildSettings = {
				ALWAYS_SEARCH_USER_PATHS = NO;
				CLANG_ANALYZER_NONNULL = YES;
				CLANG_ANALYZER_NUMBER_OBJECT_CONVERSION = YES_AGGRESSIVE;
				CLANG_CXX_LANGUAGE_STANDARD = "gnu++14";
				CLANG_CXX_LIBRARY = "libc++";
				CLANG_ENABLE_MODULES = YES;
				CLANG_ENABLE_OBJC_ARC = YES;
				CLANG_ENABLE_OBJC_WEAK = YES;
				CLANG_WARN_BLOCK_CAPTURE_AUTORELEASING = YES;
				CLANG_WARN_BOOL_CONVERSION = YES;
				CLANG_WARN_COMMA = YES;
				CLANG_WARN_CONSTANT_CONVERSION = YES;
				CLANG_WARN_DEPRECATED_OBJC_IMPLEMENTATIONS = YES;
				CLANG_WARN_DIRECT_OBJC_ISA_USAGE = YES_ERROR;
				CLANG_WARN_DOCUMENTATION_COMMENTS = YES;
				CLANG_WARN_EMPTY_BODY = YES;
				CLANG_WARN_ENUM_CONVERSION = YES;
				CLANG_WARN_INFINITE_RECURSION = YES;
				CLANG_WARN_INT_CONVERSION = YES;
				CLANG_WARN_NON_LITERAL_NULL_CONVERSION = YES;
				CLANG_WARN_OBJC_IMPLICIT_RETAIN_SELF = YES;
				CLANG_WARN_OBJC_LITERAL_CONVERSION = YES;
				CLANG_WARN_OBJC_ROOT_CLASS = YES_ERROR;
				CLANG_WARN_RANGE_LOOP_ANALYSIS = YES;
				CLANG_WARN_STRICT_PROTOTYPES = YES;
				CLANG_WARN_SUSPICIOUS_MOVE = YES;
				CLANG_WARN_UNGUARDED_AVAILABILITY = YES_AGGRESSIVE;
				CLANG_WARN_UNREACHABLE_CODE = YES;
				CLANG_WARN__DUPLICATE_METHOD_MATCH = YES;
				COPY_PHASE_STRIP = NO;
				DEBUG_INFORMATION_FORMAT = dwarf;
				ENABLE_STRICT_OBJC_MSGSEND = YES;
				ENABLE_TESTABILITY = YES;
				GCC_C_LANGUAGE_STANDARD = gnu11;
				GCC_DYNAMIC_NO_PIC = NO;
				GCC_NO_COMMON_BLOCKS = YES;
				GCC_OPTIMIZATION_LEVEL = 0;
				GCC_PREPROCESSOR_DEFINITIONS = (
					"DEBUG=1",
					"$(inherited)",
				);
				GCC_WARN_64_TO_32_BIT_CONVERSION = YES;
				GCC_WARN_ABOUT_RETURN_TYPE = YES_ERROR;
				GCC_WARN_UNDECLARED_SELECTOR = YES;
				GCC_WARN_UNINITIALIZED_AUTOS = YES_AGGRESSIVE;
				GCC_WARN_UNUSED_FUNCTION = YES;
				GCC_WARN_UNUSED_VARIABLE = YES;
				IPHONEOS_DEPLOYMENT_TARGET = 13.2;
				MTL_ENABLE_DEBUG_INFO = INCLUDE_SOURCE;
				MTL_FAST_MATH = YES;
				ONLY_ACTIVE_ARCH = YES;
				SDKROOT = iphoneos;
				SWIFT_ACTIVE_COMPILATION_CONDITIONS = DEBUG;
				SWIFT_OPTIMIZATION_LEVEL = "-Onone";
			};
			name = Debug;
		};
		42003F1C23DBB4F3005CD8AA /* Release */ = {
			isa = XCBuildConfiguration;
			buildSettings = {
				ALWAYS_SEARCH_USER_PATHS = NO;
				CLANG_ANALYZER_NONNULL = YES;
				CLANG_ANALYZER_NUMBER_OBJECT_CONVERSION = YES_AGGRESSIVE;
				CLANG_CXX_LANGUAGE_STANDARD = "gnu++14";
				CLANG_CXX_LIBRARY = "libc++";
				CLANG_ENABLE_MODULES = YES;
				CLANG_ENABLE_OBJC_ARC = YES;
				CLANG_ENABLE_OBJC_WEAK = YES;
				CLANG_WARN_BLOCK_CAPTURE_AUTORELEASING = YES;
				CLANG_WARN_BOOL_CONVERSION = YES;
				CLANG_WARN_COMMA = YES;
				CLANG_WARN_CONSTANT_CONVERSION = YES;
				CLANG_WARN_DEPRECATED_OBJC_IMPLEMENTATIONS = YES;
				CLANG_WARN_DIRECT_OBJC_ISA_USAGE = YES_ERROR;
				CLANG_WARN_DOCUMENTATION_COMMENTS = YES;
				CLANG_WARN_EMPTY_BODY = YES;
				CLANG_WARN_ENUM_CONVERSION = YES;
				CLANG_WARN_INFINITE_RECURSION = YES;
				CLANG_WARN_INT_CONVERSION = YES;
				CLANG_WARN_NON_LITERAL_NULL_CONVERSION = YES;
				CLANG_WARN_OBJC_IMPLICIT_RETAIN_SELF = YES;
				CLANG_WARN_OBJC_LITERAL_CONVERSION = YES;
				CLANG_WARN_OBJC_ROOT_CLASS = YES_ERROR;
				CLANG_WARN_RANGE_LOOP_ANALYSIS = YES;
				CLANG_WARN_STRICT_PROTOTYPES = YES;
				CLANG_WARN_SUSPICIOUS_MOVE = YES;
				CLANG_WARN_UNGUARDED_AVAILABILITY = YES_AGGRESSIVE;
				CLANG_WARN_UNREACHABLE_CODE = YES;
				CLANG_WARN__DUPLICATE_METHOD_MATCH = YES;
				COPY_PHASE_STRIP = NO;
				DEBUG_INFORMATION_FORMAT = "dwarf-with-dsym";
				ENABLE_NS_ASSERTIONS = NO;
				ENABLE_STRICT_OBJC_MSGSEND = YES;
				GCC_C_LANGUAGE_STANDARD = gnu11;
				GCC_NO_COMMON_BLOCKS = YES;
				GCC_WARN_64_TO_32_BIT_CONVERSION = YES;
				GCC_WARN_ABOUT_RETURN_TYPE = YES_ERROR;
				GCC_WARN_UNDECLARED_SELECTOR = YES;
				GCC_WARN_UNINITIALIZED_AUTOS = YES_AGGRESSIVE;
				GCC_WARN_UNUSED_FUNCTION = YES;
				GCC_WARN_UNUSED_VARIABLE = YES;
				IPHONEOS_DEPLOYMENT_TARGET = 13.2;
				MTL_ENABLE_DEBUG_INFO = NO;
				MTL_FAST_MATH = YES;
				SDKROOT = iphoneos;
				SWIFT_COMPILATION_MODE = wholemodule;
				SWIFT_OPTIMIZATION_LEVEL = "-O";
				VALIDATE_PRODUCT = YES;
			};
			name = Release;
		};
		42003F1E23DBB4F3005CD8AA /* Debug */ = {
			isa = XCBuildConfiguration;
			buildSettings = {
				ASSETCATALOG_COMPILER_APPICON_NAME = AppIcon;
				CODE_SIGN_STYLE = Automatic;
				INFOPLIST_FILE = 759831_finalassignment/Info.plist;
				LD_RUNPATH_SEARCH_PATHS = (
					"$(inherited)",
					"@executable_path/Frameworks",
				);
				PRODUCT_BUNDLE_IDENTIFIER = "evneet.-59831-finalassignment";
				PRODUCT_NAME = "$(TARGET_NAME)";
				SWIFT_VERSION = 5.0;
				TARGETED_DEVICE_FAMILY = "1,2";
			};
			name = Debug;
		};
		42003F1F23DBB4F3005CD8AA /* Release */ = {
			isa = XCBuildConfiguration;
			buildSettings = {
				ASSETCATALOG_COMPILER_APPICON_NAME = AppIcon;
				CODE_SIGN_STYLE = Automatic;
				INFOPLIST_FILE = 759831_finalassignment/Info.plist;
				LD_RUNPATH_SEARCH_PATHS = (
					"$(inherited)",
					"@executable_path/Frameworks",
				);
				PRODUCT_BUNDLE_IDENTIFIER = "evneet.-59831-finalassignment";
				PRODUCT_NAME = "$(TARGET_NAME)";
				SWIFT_VERSION = 5.0;
				TARGETED_DEVICE_FAMILY = "1,2";
			};
			name = Release;
		};
/* End XCBuildConfiguration section */

/* Begin XCConfigurationList section */
		42003F0123DBB4F2005CD8AA /* Build configuration list for PBXProject "759831_finalassignment" */ = {
			isa = XCConfigurationList;
			buildConfigurations = (
				42003F1B23DBB4F3005CD8AA /* Debug */,
				42003F1C23DBB4F3005CD8AA /* Release */,
			);
			defaultConfigurationIsVisible = 0;
			defaultConfigurationName = Release;
		};
		42003F1D23DBB4F3005CD8AA /* Build configuration list for PBXNativeTarget "759831_finalassignment" */ = {
			isa = XCConfigurationList;
			buildConfigurations = (
				42003F1E23DBB4F3005CD8AA /* Debug */,
				42003F1F23DBB4F3005CD8AA /* Release */,
			);
			defaultConfigurationIsVisible = 0;
			defaultConfigurationName = Release;
		};
/* End XCConfigurationList section */

/* Begin XCVersionGroup section */
		42003F1223DBB4F2005CD8AA /* _59831_finalassignment.xcdatamodeld */ = {
			isa = XCVersionGroup;
			children = (
				42003F1323DBB4F2005CD8AA /* _59831_finalassignment.xcdatamodel */,
			);
			currentVersion = 42003F1323DBB4F2005CD8AA /* _59831_finalassignment.xcdatamodel */;
			path = _59831_finalassignment.xcdatamodeld;
			sourceTree = "<group>";
			versionGroupType = wrapper.xcdatamodel;
		};
/* End XCVersionGroup section */
	};
	rootObject = 42003EFE23DBB4F2005CD8AA /* Project object */;
}
